
Microsoft Visual Studio Solution File, Format Version 11.00
# Visual Studio 2010
Project("{FAE04EC0-301F-11D3-BF4B-00C04F79EFBC}") = "miniProject", "miniProject\miniProject.csproj", "{C3AD5DFD-90D3-42D7-8E08-2018CFBE0F15}"
EndProject
Project("{54435603-DBB4-11D2-8724-00A0C9A8B90C}") = "Setup", "Setup\Setup.vdproj", "{FBECD020-55B1-4E25-B9D3-6CF3ECB89225}"
EndProject
Global
	GlobalSection(SolutionConfigurationPlatforms) = preSolution
		Debug|Any CPU = Debug|Any CPU
		Release|Any CPU = Release|Any CPU
	EndGlobalSection
	GlobalSection(ProjectConfigurationPlatforms) = postSolution
		{C3AD5DFD-90D3-42D7-8E08-2018CFBE0F15}.Debug|Any CPU.ActiveCfg = Debug|Any CPU
		{C3AD5DFD-90D3-42D7-8E08-2018CFBE0F15}.Debug|Any CPU.Build.0 = Debug|Any CPU
		{C3AD5DFD-90D3-42D7-8E08-2018CFBE0F15}.Release|Any CPU.ActiveCfg = Release|Any CPU
		{C3AD5DFD-90D3-42D7-8E08-2018CFBE0F15}.Release|Any CPU.Build.0 = Release|Any CPU
		{FBECD020-55B1-4E25-B9D3-6CF3ECB89225}.Debug|Any CPU.ActiveCfg = Debug
		{FBECD020-55B1-4E25-B9D3-6CF3ECB89225}.Release|Any CPU.ActiveCfg = Release
	EndGlobalSection
	GlobalSection(SolutionProperties) = preSolution
		HideSolutionNode = FALSE
	EndGlobalSection
EndGlobal
